
Microsoft Visual Studio Solution File, Format Version 12.00
# Visual Studio Version 17
VisualStudioVersion = 17.1.32210.238
MinimumVisualStudioVersion = 10.0.40219.1
Project("{FAE04EC0-301F-11D3-BF4B-00C04F79EFBC}") = "Shift-Reduce Parser", "Shift-Reduce Parser\Shift-Reduce Parser.csproj", "{922873F2-DB97-4E2C-9903-A31508444968}"
EndProject
Global
	GlobalSection(SolutionConfigurationPlatforms) = preSolution
		Debug|Any CPU = Debug|Any CPU
		Release|Any CPU = Release|Any CPU
	EndGlobalSection
	GlobalSection(ProjectConfigurationPlatforms) = postSolution
		{922873F2-DB97-4E2C-9903-A31508444968}.Debug|Any CPU.ActiveCfg = Debug|Any CPU
		{922873F2-DB97-4E2C-9903-A31508444968}.Debug|Any CPU.Build.0 = Debug|Any CPU
		{922873F2-DB97-4E2C-9903-A31508444968}.Release|Any CPU.ActiveCfg = Release|Any CPU
		{922873F2-DB97-4E2C-9903-A31508444968}.Release|Any CPU.Build.0 = Release|Any CPU
	EndGlobalSection
	GlobalSection(SolutionProperties) = preSolution
		HideSolutionNode = FALSE
	EndGlobalSection
	GlobalSection(ExtensibilityGlobals) = postSolution
		SolutionGuid = {2FEB3E98-63E3-4A6F-9664-65A3873BBB62}
	EndGlobalSection
EndGlobal
